// !$*UTF8*$!
{
	archiveVersion = 1;
	classes = {
	};
	objectVersion = 56;
	objects = {

/* Begin PBXBuildFile section */
		922944E32BEB4E360009EB29 /* NetworkManager.swift in Sources */ = {isa = PBXBuildFile; fileRef = 922944E22BEB4E360009EB29 /* NetworkManager.swift */; };
		922944E62BEB59A80009EB29 /* Movie.swift in Sources */ = {isa = PBXBuildFile; fileRef = 922944E52BEB59A80009EB29 /* Movie.swift */; };
		92929A572BE903F800D97282 /* MainTableViewController.swift in Sources */ = {isa = PBXBuildFile; fileRef = 92929A562BE903F800D97282 /* MainTableViewController.swift */; };
		92929A5A2BE9042000D97282 /* MainTableViewCell.swift in Sources */ = {isa = PBXBuildFile; fileRef = 92929A582BE9042000D97282 /* MainTableViewCell.swift */; };
		92929A5B2BE9042000D97282 /* MainTableViewCell.xib in Resources */ = {isa = PBXBuildFile; fileRef = 92929A592BE9042000D97282 /* MainTableViewCell.xib */; };
		92FCC8532BE4D40A0034DDE7 /* AppDelegate.swift in Sources */ = {isa = PBXBuildFile; fileRef = 92FCC8522BE4D40A0034DDE7 /* AppDelegate.swift */; };
		92FCC8552BE4D40A0034DDE7 /* SceneDelegate.swift in Sources */ = {isa = PBXBuildFile; fileRef = 92FCC8542BE4D40A0034DDE7 /* SceneDelegate.swift */; };
		92FCC85A2BE4D40A0034DDE7 /* Main.storyboard in Resources */ = {isa = PBXBuildFile; fileRef = 92FCC8582BE4D40A0034DDE7 /* Main.storyboard */; };
		92FCC85C2BE4D40C0034DDE7 /* Assets.xcassets in Resources */ = {isa = PBXBuildFile; fileRef = 92FCC85B2BE4D40C0034DDE7 /* Assets.xcassets */; };
		92FCC85F2BE4D40C0034DDE7 /* LaunchScreen.storyboard in Resources */ = {isa = PBXBuildFile; fileRef = 92FCC85D2BE4D40C0034DDE7 /* LaunchScreen.storyboard */; };
		92FCC86A2BE4D40D0034DDE7 /* coderspace_denemeTests.swift in Sources */ = {isa = PBXBuildFile; fileRef = 92FCC8692BE4D40D0034DDE7 /* coderspace_denemeTests.swift */; };
		92FCC8742BE4D40D0034DDE7 /* coderspace_denemeUITests.swift in Sources */ = {isa = PBXBuildFile; fileRef = 92FCC8732BE4D40D0034DDE7 /* coderspace_denemeUITests.swift */; };
		92FCC8762BE4D40D0034DDE7 /* coderspace_denemeUITestsLaunchTests.swift in Sources */ = {isa = PBXBuildFile; fileRef = 92FCC8752BE4D40D0034DDE7 /* coderspace_denemeUITestsLaunchTests.swift */; };
		92FCC8842BE4FCF00034DDE7 /* coderspace-logo.jpeg in Resources */ = {isa = PBXBuildFile; fileRef = 92FCC8832BE4FCF00034DDE7 /* coderspace-logo.jpeg */; };
		92FCC8882BE500CB0034DDE7 /* LaunchViewController.swift in Sources */ = {isa = PBXBuildFile; fileRef = 92FCC8872BE500CB0034DDE7 /* LaunchViewController.swift */; };
		92FCC88A2BE502740034DDE7 /* coderspace-launch.png in Resources */ = {isa = PBXBuildFile; fileRef = 92FCC8892BE502740034DDE7 /* coderspace-launch.png */; };
		92FCC88E2BE503E00034DDE7 /* coderspace-white-logo.png in Resources */ = {isa = PBXBuildFile; fileRef = 92FCC88D2BE503E00034DDE7 /* coderspace-white-logo.png */; };
		92FCC8902BE5054F0034DDE7 /* wwdc21.png in Resources */ = {isa = PBXBuildFile; fileRef = 92FCC88F2BE5054F0034DDE7 /* wwdc21.png */; };
		92FCC8922BE5154F0034DDE7 /* black-to-purple.jpeg in Resources */ = {isa = PBXBuildFile; fileRef = 92FCC8912BE5154F0034DDE7 /* black-to-purple.jpeg */; };
		92FCC8952BE8A5200034DDE7 /* EmailTextField.swift in Sources */ = {isa = PBXBuildFile; fileRef = 92FCC8942BE8A5200034DDE7 /* EmailTextField.swift */; };
		92FCC8992BE8F2220034DDE7 /* LoginViewController.swift in Sources */ = {isa = PBXBuildFile; fileRef = 92FCC8972BE8F2220034DDE7 /* LoginViewController.swift */; };
		92FCC89A2BE8F2220034DDE7 /* LoginViewController.xib in Resources */ = {isa = PBXBuildFile; fileRef = 92FCC8982BE8F2220034DDE7 /* LoginViewController.xib */; };
/* End PBXBuildFile section */

/* Begin PBXContainerItemProxy section */
		92FCC8662BE4D40D0034DDE7 /* PBXContainerItemProxy */ = {
			isa = PBXContainerItemProxy;
			containerPortal = 92FCC8472BE4D40A0034DDE7 /* Project object */;
			proxyType = 1;
			remoteGlobalIDString = 92FCC84E2BE4D40A0034DDE7;
			remoteInfo = "coderspace-deneme";
		};
		92FCC8702BE4D40D0034DDE7 /* PBXContainerItemProxy */ = {
			isa = PBXContainerItemProxy;
			containerPortal = 92FCC8472BE4D40A0034DDE7 /* Project object */;
			proxyType = 1;
			remoteGlobalIDString = 92FCC84E2BE4D40A0034DDE7;
			remoteInfo = "coderspace-deneme";
		};
/* End PBXContainerItemProxy section */

/* Begin PBXFileReference section */
		922944E22BEB4E360009EB29 /* NetworkManager.swift */ = {isa = PBXFileReference; lastKnownFileType = sourcecode.swift; path = NetworkManager.swift; sourceTree = "<group>"; };
		922944E52BEB59A80009EB29 /* Movie.swift */ = {isa = PBXFileReference; lastKnownFileType = sourcecode.swift; path = Movie.swift; sourceTree = "<group>"; };
		92929A562BE903F800D97282 /* MainTableViewController.swift */ = {isa = PBXFileReference; lastKnownFileType = sourcecode.swift; path = MainTableViewController.swift; sourceTree = "<group>"; };
		92929A582BE9042000D97282 /* MainTableViewCell.swift */ = {isa = PBXFileReference; lastKnownFileType = sourcecode.swift; path = MainTableViewCell.swift; sourceTree = "<group>"; };
		92929A592BE9042000D97282 /* MainTableViewCell.xib */ = {isa = PBXFileReference; lastKnownFileType = file.xib; path = MainTableViewCell.xib; sourceTree = "<group>"; };
		92FCC84F2BE4D40A0034DDE7 /* coderspace-deneme.app */ = {isa = PBXFileReference; explicitFileType = wrapper.application; includeInIndex = 0; path = "coderspace-deneme.app"; sourceTree = BUILT_PRODUCTS_DIR; };
		92FCC8522BE4D40A0034DDE7 /* AppDelegate.swift */ = {isa = PBXFileReference; lastKnownFileType = sourcecode.swift; path = AppDelegate.swift; sourceTree = "<group>"; };
		92FCC8542BE4D40A0034DDE7 /* SceneDelegate.swift */ = {isa = PBXFileReference; lastKnownFileType = sourcecode.swift; path = SceneDelegate.swift; sourceTree = "<group>"; };
		92FCC8592BE4D40A0034DDE7 /* Base */ = {isa = PBXFileReference; lastKnownFileType = file.storyboard; name = Base; path = Base.lproj/Main.storyboard; sourceTree = "<group>"; };
		92FCC85B2BE4D40C0034DDE7 /* Assets.xcassets */ = {isa = PBXFileReference; lastKnownFileType = folder.assetcatalog; name = Assets.xcassets; path = "coderspace-deneme/Assets.xcassets"; sourceTree = SOURCE_ROOT; };
		92FCC85E2BE4D40C0034DDE7 /* Base */ = {isa = PBXFileReference; lastKnownFileType = file.storyboard; name = Base; path = Base.lproj/LaunchScreen.storyboard; sourceTree = "<group>"; };
		92FCC8602BE4D40C0034DDE7 /* Info.plist */ = {isa = PBXFileReference; lastKnownFileType = text.plist.xml; path = Info.plist; sourceTree = "<group>"; };
		92FCC8652BE4D40D0034DDE7 /* coderspace-denemeTests.xctest */ = {isa = PBXFileReference; explicitFileType = wrapper.cfbundle; includeInIndex = 0; path = "coderspace-denemeTests.xctest"; sourceTree = BUILT_PRODUCTS_DIR; };
		92FCC8692BE4D40D0034DDE7 /* coderspace_denemeTests.swift */ = {isa = PBXFileReference; lastKnownFileType = sourcecode.swift; path = coderspace_denemeTests.swift; sourceTree = "<group>"; };
		92FCC86F2BE4D40D0034DDE7 /* coderspace-denemeUITests.xctest */ = {isa = PBXFileReference; explicitFileType = wrapper.cfbundle; includeInIndex = 0; path = "coderspace-denemeUITests.xctest"; sourceTree = BUILT_PRODUCTS_DIR; };
		92FCC8732BE4D40D0034DDE7 /* coderspace_denemeUITests.swift */ = {isa = PBXFileReference; lastKnownFileType = sourcecode.swift; path = coderspace_denemeUITests.swift; sourceTree = "<group>"; };
		92FCC8752BE4D40D0034DDE7 /* coderspace_denemeUITestsLaunchTests.swift */ = {isa = PBXFileReference; lastKnownFileType = sourcecode.swift; path = coderspace_denemeUITestsLaunchTests.swift; sourceTree = "<group>"; };
		92FCC8832BE4FCF00034DDE7 /* coderspace-logo.jpeg */ = {isa = PBXFileReference; lastKnownFileType = image.jpeg; path = "coderspace-logo.jpeg"; sourceTree = "<group>"; };
		92FCC8872BE500CB0034DDE7 /* LaunchViewController.swift */ = {isa = PBXFileReference; lastKnownFileType = sourcecode.swift; path = LaunchViewController.swift; sourceTree = "<group>"; };
		92FCC8892BE502740034DDE7 /* coderspace-launch.png */ = {isa = PBXFileReference; lastKnownFileType = image.png; path = "coderspace-launch.png"; sourceTree = "<group>"; };
		92FCC88D2BE503E00034DDE7 /* coderspace-white-logo.png */ = {isa = PBXFileReference; lastKnownFileType = image.png; path = "coderspace-white-logo.png"; sourceTree = "<group>"; };
		92FCC88F2BE5054F0034DDE7 /* wwdc21.png */ = {isa = PBXFileReference; lastKnownFileType = image.png; path = wwdc21.png; sourceTree = "<group>"; };
		92FCC8912BE5154F0034DDE7 /* black-to-purple.jpeg */ = {isa = PBXFileReference; lastKnownFileType = image.jpeg; path = "black-to-purple.jpeg"; sourceTree = "<group>"; };
		92FCC8942BE8A5200034DDE7 /* EmailTextField.swift */ = {isa = PBXFileReference; lastKnownFileType = sourcecode.swift; path = EmailTextField.swift; sourceTree = "<group>"; };
		92FCC8972BE8F2220034DDE7 /* LoginViewController.swift */ = {isa = PBXFileReference; lastKnownFileType = sourcecode.swift; path = LoginViewController.swift; sourceTree = "<group>"; };
		92FCC8982BE8F2220034DDE7 /* LoginViewController.xib */ = {isa = PBXFileReference; lastKnownFileType = file.xib; name = LoginViewController.xib; path = "coderspace-deneme/LoginViewController/LoginViewController.xib"; sourceTree = SOURCE_ROOT; };
/* End PBXFileReference section */

/* Begin PBXFrameworksBuildPhase section */
		92FCC84C2BE4D40A0034DDE7 /* Frameworks */ = {
			isa = PBXFrameworksBuildPhase;
			buildActionMask = 2147483647;
			files = (
			);
			runOnlyForDeploymentPostprocessing = 0;
		};
		92FCC8622BE4D40D0034DDE7 /* Frameworks */ = {
			isa = PBXFrameworksBuildPhase;
			buildActionMask = 2147483647;
			files = (
			);
			runOnlyForDeploymentPostprocessing = 0;
		};
		92FCC86C2BE4D40D0034DDE7 /* Frameworks */ = {
			isa = PBXFrameworksBuildPhase;
			buildActionMask = 2147483647;
			files = (
			);
			runOnlyForDeploymentPostprocessing = 0;
		};
/* End PBXFrameworksBuildPhase section */

/* Begin PBXGroup section */
		922944E12BEB4E1E0009EB29 /* Networking */ = {
			isa = PBXGroup;
			children = (
				922944E22BEB4E360009EB29 /* NetworkManager.swift */,
			);
			path = Networking;
			sourceTree = "<group>";
		};
		922944E42BEB59970009EB29 /* Models */ = {
			isa = PBXGroup;
			children = (
				922944E52BEB59A80009EB29 /* Movie.swift */,
			);
			path = Models;
			sourceTree = "<group>";
		};
		92FCC8462BE4D40A0034DDE7 = {
			isa = PBXGroup;
			children = (
				92FCC8822BE4FCCE0034DDE7 /* assets */,
				92FCC8512BE4D40A0034DDE7 /* coderspace-deneme */,
				92FCC8682BE4D40D0034DDE7 /* coderspace-denemeTests */,
				92FCC8722BE4D40D0034DDE7 /* coderspace-denemeUITests */,
				92FCC8502BE4D40A0034DDE7 /* Products */,
			);
			sourceTree = "<group>";
		};
		92FCC8502BE4D40A0034DDE7 /* Products */ = {
			isa = PBXGroup;
			children = (
				92FCC84F2BE4D40A0034DDE7 /* coderspace-deneme.app */,
				92FCC8652BE4D40D0034DDE7 /* coderspace-denemeTests.xctest */,
				92FCC86F2BE4D40D0034DDE7 /* coderspace-denemeUITests.xctest */,
			);
			name = Products;
			sourceTree = "<group>";
		};
		92FCC8512BE4D40A0034DDE7 /* coderspace-deneme */ = {
			isa = PBXGroup;
			children = (
				922944E42BEB59970009EB29 /* Models */,
				922944E12BEB4E1E0009EB29 /* Networking */,
				92FCC8962BE8F2090034DDE7 /* LoginViewController */,
				92FCC8932BE8A4DC0034DDE7 /* Views */,
				92FCC8522BE4D40A0034DDE7 /* AppDelegate.swift */,
				92929A562BE903F800D97282 /* MainTableViewController.swift */,
				92FCC8542BE4D40A0034DDE7 /* SceneDelegate.swift */,
				92FCC8582BE4D40A0034DDE7 /* Main.storyboard */,
				92FCC85B2BE4D40C0034DDE7 /* Assets.xcassets */,
				92FCC85D2BE4D40C0034DDE7 /* LaunchScreen.storyboard */,
				92FCC8602BE4D40C0034DDE7 /* Info.plist */,
				92FCC8872BE500CB0034DDE7 /* LaunchViewController.swift */,
			);
			path = "coderspace-deneme";
			sourceTree = "<group>";
		};
		92FCC8682BE4D40D0034DDE7 /* coderspace-denemeTests */ = {
			isa = PBXGroup;
			children = (
				92FCC8692BE4D40D0034DDE7 /* coderspace_denemeTests.swift */,
			);
			path = "coderspace-denemeTests";
			sourceTree = "<group>";
		};
		92FCC8722BE4D40D0034DDE7 /* coderspace-denemeUITests */ = {
			isa = PBXGroup;
			children = (
				92FCC8732BE4D40D0034DDE7 /* coderspace_denemeUITests.swift */,
				92FCC8752BE4D40D0034DDE7 /* coderspace_denemeUITestsLaunchTests.swift */,
			);
			path = "coderspace-denemeUITests";
			sourceTree = "<group>";
		};
		92FCC8822BE4FCCE0034DDE7 /* assets */ = {
			isa = PBXGroup;
			children = (
				92FCC8912BE5154F0034DDE7 /* black-to-purple.jpeg */,
				92FCC88F2BE5054F0034DDE7 /* wwdc21.png */,
				92FCC88D2BE503E00034DDE7 /* coderspace-white-logo.png */,
				92FCC8892BE502740034DDE7 /* coderspace-launch.png */,
				92FCC8832BE4FCF00034DDE7 /* coderspace-logo.jpeg */,
			);
			path = assets;
			sourceTree = "<group>";
		};
		92FCC8932BE8A4DC0034DDE7 /* Views */ = {
			isa = PBXGroup;
			children = (
				92FCC8942BE8A5200034DDE7 /* EmailTextField.swift */,
				92929A582BE9042000D97282 /* MainTableViewCell.swift */,
				92929A592BE9042000D97282 /* MainTableViewCell.xib */,
			);
			path = Views;
			sourceTree = "<group>";
		};
		92FCC8962BE8F2090034DDE7 /* LoginViewController */ = {
			isa = PBXGroup;
			children = (
				92FCC8972BE8F2220034DDE7 /* LoginViewController.swift */,
				92FCC8982BE8F2220034DDE7 /* LoginViewController.xib */,
			);
			path = LoginViewController;
			sourceTree = "<group>";
		};
/* End PBXGroup section */

/* Begin PBXNativeTarget section */
		92FCC84E2BE4D40A0034DDE7 /* coderspace-deneme */ = {
			isa = PBXNativeTarget;
			buildConfigurationList = 92FCC8792BE4D40D0034DDE7 /* Build configuration list for PBXNativeTarget "coderspace-deneme" */;
			buildPhases = (
				92FCC84B2BE4D40A0034DDE7 /* Sources */,
				92FCC84C2BE4D40A0034DDE7 /* Frameworks */,
				92FCC84D2BE4D40A0034DDE7 /* Resources */,
			);
			buildRules = (
			);
			dependencies = (
			);
			name = "coderspace-deneme";
			productName = "coderspace-deneme";
			productReference = 92FCC84F2BE4D40A0034DDE7 /* coderspace-deneme.app */;
			productType = "com.apple.product-type.application";
		};
		92FCC8642BE4D40D0034DDE7 /* coderspace-denemeTests */ = {
			isa = PBXNativeTarget;
			buildConfigurationList = 92FCC87C2BE4D40D0034DDE7 /* Build configuration list for PBXNativeTarget "coderspace-denemeTests" */;
			buildPhases = (
				92FCC8612BE4D40D0034DDE7 /* Sources */,
				92FCC8622BE4D40D0034DDE7 /* Frameworks */,
				92FCC8632BE4D40D0034DDE7 /* Resources */,
			);
			buildRules = (
			);
			dependencies = (
				92FCC8672BE4D40D0034DDE7 /* PBXTargetDependency */,
			);
			name = "coderspace-denemeTests";
			productName = "coderspace-denemeTests";
			productReference = 92FCC8652BE4D40D0034DDE7 /* coderspace-denemeTests.xctest */;
			productType = "com.apple.product-type.bundle.unit-test";
		};
		92FCC86E2BE4D40D0034DDE7 /* coderspace-denemeUITests */ = {
			isa = PBXNativeTarget;
			buildConfigurationList = 92FCC87F2BE4D40D0034DDE7 /* Build configuration list for PBXNativeTarget "coderspace-denemeUITests" */;
			buildPhases = (
				92FCC86B2BE4D40D0034DDE7 /* Sources */,
				92FCC86C2BE4D40D0034DDE7 /* Frameworks */,
				92FCC86D2BE4D40D0034DDE7 /* Resources */,
			);
			buildRules = (
			);
			dependencies = (
				92FCC8712BE4D40D0034DDE7 /* PBXTargetDependency */,
			);
			name = "coderspace-denemeUITests";
			productName = "coderspace-denemeUITests";
			productReference = 92FCC86F2BE4D40D0034DDE7 /* coderspace-denemeUITests.xctest */;
			productType = "com.apple.product-type.bundle.ui-testing";
		};
/* End PBXNativeTarget section */

/* Begin PBXProject section */
		92FCC8472BE4D40A0034DDE7 /* Project object */ = {
			isa = PBXProject;
			attributes = {
				BuildIndependentTargetsInParallel = 1;
				LastSwiftUpdateCheck = 1430;
				LastUpgradeCheck = 1430;
				TargetAttributes = {
					92FCC84E2BE4D40A0034DDE7 = {
						CreatedOnToolsVersion = 14.3.1;
					};
					92FCC8642BE4D40D0034DDE7 = {
						CreatedOnToolsVersion = 14.3.1;
						TestTargetID = 92FCC84E2BE4D40A0034DDE7;
					};
					92FCC86E2BE4D40D0034DDE7 = {
						CreatedOnToolsVersion = 14.3.1;
						TestTargetID = 92FCC84E2BE4D40A0034DDE7;
					};
				};
			};
			buildConfigurationList = 92FCC84A2BE4D40A0034DDE7 /* Build configuration list for PBXProject "coderspace-deneme" */;
			compatibilityVersion = "Xcode 14.0";
			developmentRegion = en;
			hasScannedForEncodings = 0;
			knownRegions = (
				en,
				Base,
			);
			mainGroup = 92FCC8462BE4D40A0034DDE7;
			productRefGroup = 92FCC8502BE4D40A0034DDE7 /* Products */;
			projectDirPath = "";
			projectRoot = "";
			targets = (
				92FCC84E2BE4D40A0034DDE7 /* coderspace-deneme */,
				92FCC8642BE4D40D0034DDE7 /* coderspace-denemeTests */,
				92FCC86E2BE4D40D0034DDE7 /* coderspace-denemeUITests */,
			);
		};
/* End PBXProject section */

/* Begin PBXResourcesBuildPhase section */
		92FCC84D2BE4D40A0034DDE7 /* Resources */ = {
			isa = PBXResourcesBuildPhase;
			buildActionMask = 2147483647;
			files = (
				92FCC88A2BE502740034DDE7 /* coderspace-launch.png in Resources */,
				92FCC88E2BE503E00034DDE7 /* coderspace-white-logo.png in Resources */,
				92FCC8922BE5154F0034DDE7 /* black-to-purple.jpeg in Resources */,
				92929A5B2BE9042000D97282 /* MainTableViewCell.xib in Resources */,
				92FCC85F2BE4D40C0034DDE7 /* LaunchScreen.storyboard in Resources */,
				92FCC85C2BE4D40C0034DDE7 /* Assets.xcassets in Resources */,
				92FCC85A2BE4D40A0034DDE7 /* Main.storyboard in Resources */,
				92FCC8842BE4FCF00034DDE7 /* coderspace-logo.jpeg in Resources */,
				92FCC8902BE5054F0034DDE7 /* wwdc21.png in Resources */,
				92FCC89A2BE8F2220034DDE7 /* LoginViewController.xib in Resources */,
			);
			runOnlyForDeploymentPostprocessing = 0;
		};
		92FCC8632BE4D40D0034DDE7 /* Resources */ = {
			isa = PBXResourcesBuildPhase;
			buildActionMask = 2147483647;
			files = (
			);
			runOnlyForDeploymentPostprocessing = 0;
		};
		92FCC86D2BE4D40D0034DDE7 /* Resources */ = {
			isa = PBXResourcesBuildPhase;
			buildActionMask = 2147483647;
			files = (
			);
			runOnlyForDeploymentPostprocessing = 0;
		};
/* End PBXResourcesBuildPhase section */

/* Begin PBXSourcesBuildPhase section */
		92FCC84B2BE4D40A0034DDE7 /* Sources */ = {
			isa = PBXSourcesBuildPhase;
			buildActionMask = 2147483647;
			files = (
				92FCC8992BE8F2220034DDE7 /* LoginViewController.swift in Sources */,
				92FCC8532BE4D40A0034DDE7 /* AppDelegate.swift in Sources */,
				92FCC8952BE8A5200034DDE7 /* EmailTextField.swift in Sources */,
				92FCC8552BE4D40A0034DDE7 /* SceneDelegate.swift in Sources */,
				922944E32BEB4E360009EB29 /* NetworkManager.swift in Sources */,
				92929A5A2BE9042000D97282 /* MainTableViewCell.swift in Sources */,
				92929A572BE903F800D97282 /* MainTableViewController.swift in Sources */,
				922944E62BEB59A80009EB29 /* Movie.swift in Sources */,
				92FCC8882BE500CB0034DDE7 /* LaunchViewController.swift in Sources */,
			);
			runOnlyForDeploymentPostprocessing = 0;
		};
		92FCC8612BE4D40D0034DDE7 /* Sources */ = {
			isa = PBXSourcesBuildPhase;
			buildActionMask = 2147483647;
			files = (
				92FCC86A2BE4D40D0034DDE7 /* coderspace_denemeTests.swift in Sources */,
			);
			runOnlyForDeploymentPostprocessing = 0;
		};
		92FCC86B2BE4D40D0034DDE7 /* Sources */ = {
			isa = PBXSourcesBuildPhase;
			buildActionMask = 2147483647;
			files = (
				92FCC8742BE4D40D0034DDE7 /* coderspace_denemeUITests.swift in Sources */,
				92FCC8762BE4D40D0034DDE7 /* coderspace_denemeUITestsLaunchTests.swift in Sources */,
			);
			runOnlyForDeploymentPostprocessing = 0;
		};
/* End PBXSourcesBuildPhase section */

/* Begin PBXTargetDependency section */
		92FCC8672BE4D40D0034DDE7 /* PBXTargetDependency */ = {
			isa = PBXTargetDependency;
			target = 92FCC84E2BE4D40A0034DDE7 /* coderspace-deneme */;
			targetProxy = 92FCC8662BE4D40D0034DDE7 /* PBXContainerItemProxy */;
		};
		92FCC8712BE4D40D0034DDE7 /* PBXTargetDependency */ = {
			isa = PBXTargetDependency;
			target = 92FCC84E2BE4D40A0034DDE7 /* coderspace-deneme */;
			targetProxy = 92FCC8702BE4D40D0034DDE7 /* PBXContainerItemProxy */;
		};
/* End PBXTargetDependency section */

/* Begin PBXVariantGroup section */
		92FCC8582BE4D40A0034DDE7 /* Main.storyboard */ = {
			isa = PBXVariantGroup;
			children = (
				92FCC8592BE4D40A0034DDE7 /* Base */,
			);
			name = Main.storyboard;
			sourceTree = "<group>";
		};
		92FCC85D2BE4D40C0034DDE7 /* LaunchScreen.storyboard */ = {
			isa = PBXVariantGroup;
			children = (
				92FCC85E2BE4D40C0034DDE7 /* Base */,
			);
			name = LaunchScreen.storyboard;
			sourceTree = "<group>";
		};
/* End PBXVariantGroup section */

/* Begin XCBuildConfiguration section */
		92FCC8772BE4D40D0034DDE7 /* Debug */ = {
			isa = XCBuildConfiguration;
			buildSettings = {
				ALWAYS_SEARCH_USER_PATHS = NO;
				CLANG_ANALYZER_NONNULL = YES;
				CLANG_ANALYZER_NUMBER_OBJECT_CONVERSION = YES_AGGRESSIVE;
				CLANG_CXX_LANGUAGE_STANDARD = "gnu++20";
				CLANG_ENABLE_MODULES = YES;
				CLANG_ENABLE_OBJC_ARC = YES;
				CLANG_ENABLE_OBJC_WEAK = YES;
				CLANG_WARN_BLOCK_CAPTURE_AUTORELEASING = YES;
				CLANG_WARN_BOOL_CONVERSION = YES;
				CLANG_WARN_COMMA = YES;
				CLANG_WARN_CONSTANT_CONVERSION = YES;
				CLANG_WARN_DEPRECATED_OBJC_IMPLEMENTATIONS = YES;
				CLANG_WARN_DIRECT_OBJC_ISA_USAGE = YES_ERROR;
				CLANG_WARN_DOCUMENTATION_COMMENTS = YES;
				CLANG_WARN_EMPTY_BODY = YES;
				CLANG_WARN_ENUM_CONVERSION = YES;
				CLANG_WARN_INFINITE_RECURSION = YES;
				CLANG_WARN_INT_CONVERSION = YES;
				CLANG_WARN_NON_LITERAL_NULL_CONVERSION = YES;
				CLANG_WARN_OBJC_IMPLICIT_RETAIN_SELF = YES;
				CLANG_WARN_OBJC_LITERAL_CONVERSION = YES;
				CLANG_WARN_OBJC_ROOT_CLASS = YES_ERROR;
				CLANG_WARN_QUOTED_INCLUDE_IN_FRAMEWORK_HEADER = YES;
				CLANG_WARN_RANGE_LOOP_ANALYSIS = YES;
				CLANG_WARN_STRICT_PROTOTYPES = YES;
				CLANG_WARN_SUSPICIOUS_MOVE = YES;
				CLANG_WARN_UNGUARDED_AVAILABILITY = YES_AGGRESSIVE;
				CLANG_WARN_UNREACHABLE_CODE = YES;
				CLANG_WARN__DUPLICATE_METHOD_MATCH = YES;
				COPY_PHASE_STRIP = NO;
				DEBUG_INFORMATION_FORMAT = dwarf;
				ENABLE_STRICT_OBJC_MSGSEND = YES;
				ENABLE_TESTABILITY = YES;
				GCC_C_LANGUAGE_STANDARD = gnu11;
				GCC_DYNAMIC_NO_PIC = NO;
				GCC_NO_COMMON_BLOCKS = YES;
				GCC_OPTIMIZATION_LEVEL = 0;
				GCC_PREPROCESSOR_DEFINITIONS = (
					"DEBUG=1",
					"$(inherited)",
				);
				GCC_WARN_64_TO_32_BIT_CONVERSION = YES;
				GCC_WARN_ABOUT_RETURN_TYPE = YES_ERROR;
				GCC_WARN_UNDECLARED_SELECTOR = YES;
				GCC_WARN_UNINITIALIZED_AUTOS = YES_AGGRESSIVE;
				GCC_WARN_UNUSED_FUNCTION = YES;
				GCC_WARN_UNUSED_VARIABLE = YES;
				IPHONEOS_DEPLOYMENT_TARGET = 16.4;
				MTL_ENABLE_DEBUG_INFO = INCLUDE_SOURCE;
				MTL_FAST_MATH = YES;
				ONLY_ACTIVE_ARCH = YES;
				SDKROOT = iphoneos;
				SWIFT_ACTIVE_COMPILATION_CONDITIONS = DEBUG;
				SWIFT_OPTIMIZATION_LEVEL = "-Onone";
			};
			name = Debug;
		};
		92FCC8782BE4D40D0034DDE7 /* Release */ = {
			isa = XCBuildConfiguration;
			buildSettings = {
				ALWAYS_SEARCH_USER_PATHS = NO;
				CLANG_ANALYZER_NONNULL = YES;
				CLANG_ANALYZER_NUMBER_OBJECT_CONVERSION = YES_AGGRESSIVE;
				CLANG_CXX_LANGUAGE_STANDARD = "gnu++20";
				CLANG_ENABLE_MODULES = YES;
				CLANG_ENABLE_OBJC_ARC = YES;
				CLANG_ENABLE_OBJC_WEAK = YES;
				CLANG_WARN_BLOCK_CAPTURE_AUTORELEASING = YES;
				CLANG_WARN_BOOL_CONVERSION = YES;
				CLANG_WARN_COMMA = YES;
				CLANG_WARN_CONSTANT_CONVERSION = YES;
				CLANG_WARN_DEPRECATED_OBJC_IMPLEMENTATIONS = YES;
				CLANG_WARN_DIRECT_OBJC_ISA_USAGE = YES_ERROR;
				CLANG_WARN_DOCUMENTATION_COMMENTS = YES;
				CLANG_WARN_EMPTY_BODY = YES;
				CLANG_WARN_ENUM_CONVERSION = YES;
				CLANG_WARN_INFINITE_RECURSION = YES;
				CLANG_WARN_INT_CONVERSION = YES;
				CLANG_WARN_NON_LITERAL_NULL_CONVERSION = YES;
				CLANG_WARN_OBJC_IMPLICIT_RETAIN_SELF = YES;
				CLANG_WARN_OBJC_LITERAL_CONVERSION = YES;
				CLANG_WARN_OBJC_ROOT_CLASS = YES_ERROR;
				CLANG_WARN_QUOTED_INCLUDE_IN_FRAMEWORK_HEADER = YES;
				CLANG_WARN_RANGE_LOOP_ANALYSIS = YES;
				CLANG_WARN_STRICT_PROTOTYPES = YES;
				CLANG_WARN_SUSPICIOUS_MOVE = YES;
				CLANG_WARN_UNGUARDED_AVAILABILITY = YES_AGGRESSIVE;
				CLANG_WARN_UNREACHABLE_CODE = YES;
				CLANG_WARN__DUPLICATE_METHOD_MATCH = YES;
				COPY_PHASE_STRIP = NO;
				DEBUG_INFORMATION_FORMAT = "dwarf-with-dsym";
				ENABLE_NS_ASSERTIONS = NO;
				ENABLE_STRICT_OBJC_MSGSEND = YES;
				GCC_C_LANGUAGE_STANDARD = gnu11;
				GCC_NO_COMMON_BLOCKS = YES;
				GCC_WARN_64_TO_32_BIT_CONVERSION = YES;
				GCC_WARN_ABOUT_RETURN_TYPE = YES_ERROR;
				GCC_WARN_UNDECLARED_SELECTOR = YES;
				GCC_WARN_UNINITIALIZED_AUTOS = YES_AGGRESSIVE;
				GCC_WARN_UNUSED_FUNCTION = YES;
				GCC_WARN_UNUSED_VARIABLE = YES;
				IPHONEOS_DEPLOYMENT_TARGET = 16.4;
				MTL_ENABLE_DEBUG_INFO = NO;
				MTL_FAST_MATH = YES;
				SDKROOT = iphoneos;
				SWIFT_COMPILATION_MODE = wholemodule;
				SWIFT_OPTIMIZATION_LEVEL = "-O";
				VALIDATE_PRODUCT = YES;
			};
			name = Release;
		};
		92FCC87A2BE4D40D0034DDE7 /* Debug */ = {
			isa = XCBuildConfiguration;
			buildSettings = {
				ASSETCATALOG_COMPILER_APPICON_NAME = AppIcon;
				ASSETCATALOG_COMPILER_GLOBAL_ACCENT_COLOR_NAME = AccentColor;
				CODE_SIGN_STYLE = Automatic;
				CURRENT_PROJECT_VERSION = 1;
				DEVELOPMENT_TEAM = EQ72YEULC9;
				GENERATE_INFOPLIST_FILE = YES;
				INFOPLIST_FILE = "coderspace-deneme/Info.plist";
				INFOPLIST_KEY_UIApplicationSupportsIndirectInputEvents = YES;
				INFOPLIST_KEY_UILaunchStoryboardName = LaunchScreen.storyboard;
				INFOPLIST_KEY_UIMainStoryboardFile = Main;
				INFOPLIST_KEY_UISupportedInterfaceOrientations_iPad = "UIInterfaceOrientationPortrait UIInterfaceOrientationPortraitUpsideDown UIInterfaceOrientationLandscapeLeft UIInterfaceOrientationLandscapeRight";
				INFOPLIST_KEY_UISupportedInterfaceOrientations_iPhone = "UIInterfaceOrientationPortrait UIInterfaceOrientationLandscapeLeft UIInterfaceOrientationLandscapeRight";
				LD_RUNPATH_SEARCH_PATHS = (
					"$(inherited)",
					"@executable_path/Frameworks",
				);
				MARKETING_VERSION = 1.0;
				PRODUCT_BUNDLE_IDENTIFIER = "com.test.coderspacedeneme.coderspace-deneme";
				PRODUCT_NAME = "$(TARGET_NAME)";
				SWIFT_EMIT_LOC_STRINGS = YES;
				SWIFT_VERSION = 5.0;
				TARGETED_DEVICE_FAMILY = "1,2";
			};
			name = Debug;
		};
		92FCC87B2BE4D40D0034DDE7 /* Release */ = {
			isa = XCBuildConfiguration;
			buildSettings = {
				ASSETCATALOG_COMPILER_APPICON_NAME = AppIcon;
				ASSETCATALOG_COMPILER_GLOBAL_ACCENT_COLOR_NAME = AccentColor;
				CODE_SIGN_STYLE = Automatic;
				CURRENT_PROJECT_VERSION = 1;
				DEVELOPMENT_TEAM = EQ72YEULC9;
				GENERATE_INFOPLIST_FILE = YES;
				INFOPLIST_FILE = "coderspace-deneme/Info.plist";
				INFOPLIST_KEY_UIApplicationSupportsIndirectInputEvents = YES;
				INFOPLIST_KEY_UILaunchStoryboardName = LaunchScreen.storyboard;
				INFOPLIST_KEY_UIMainStoryboardFile = Main;
				INFOPLIST_KEY_UISupportedInterfaceOrientations_iPad = "UIInterfaceOrientationPortrait UIInterfaceOrientationPortraitUpsideDown UIInterfaceOrientationLandscapeLeft UIInterfaceOrientationLandscapeRight";
				INFOPLIST_KEY_UISupportedInterfaceOrientations_iPhone = "UIInterfaceOrientationPortrait UIInterfaceOrientationLandscapeLeft UIInterfaceOrientationLandscapeRight";
				LD_RUNPATH_SEARCH_PATHS = (
					"$(inherited)",
					"@executable_path/Frameworks",
				);
				MARKETING_VERSION = 1.0;
				PRODUCT_BUNDLE_IDENTIFIER = "com.test.coderspacedeneme.coderspace-deneme";
				PRODUCT_NAME = "$(TARGET_NAME)";
				SWIFT_EMIT_LOC_STRINGS = YES;
				SWIFT_VERSION = 5.0;
				TARGETED_DEVICE_FAMILY = "1,2";
			};
			name = Release;
		};
		92FCC87D2BE4D40D0034DDE7 /* Debug */ = {
			isa = XCBuildConfiguration;
			buildSettings = {
				ALWAYS_EMBED_SWIFT_STANDARD_LIBRARIES = YES;
				BUNDLE_LOADER = "$(TEST_HOST)";
				CODE_SIGN_STYLE = Automatic;
				CURRENT_PROJECT_VERSION = 1;
				DEVELOPMENT_TEAM = EQ72YEULC9;
				GENERATE_INFOPLIST_FILE = YES;
				IPHONEOS_DEPLOYMENT_TARGET = 16.4;
				MARKETING_VERSION = 1.0;
				PRODUCT_BUNDLE_IDENTIFIER = "com.test.coderspacedeneme.coderspace-denemeTests";
				PRODUCT_NAME = "$(TARGET_NAME)";
				SWIFT_EMIT_LOC_STRINGS = NO;
				SWIFT_VERSION = 5.0;
				TARGETED_DEVICE_FAMILY = "1,2";
				TEST_HOST = "$(BUILT_PRODUCTS_DIR)/coderspace-deneme.app/$(BUNDLE_EXECUTABLE_FOLDER_PATH)/coderspace-deneme";
			};
			name = Debug;
		};
		92FCC87E2BE4D40D0034DDE7 /* Release */ = {
			isa = XCBuildConfiguration;
			buildSettings = {
				ALWAYS_EMBED_SWIFT_STANDARD_LIBRARIES = YES;
				BUNDLE_LOADER = "$(TEST_HOST)";
				CODE_SIGN_STYLE = Automatic;
				CURRENT_PROJECT_VERSION = 1;
				DEVELOPMENT_TEAM = EQ72YEULC9;
				GENERATE_INFOPLIST_FILE = YES;
				IPHONEOS_DEPLOYMENT_TARGET = 16.4;
				MARKETING_VERSION = 1.0;
				PRODUCT_BUNDLE_IDENTIFIER = "com.test.coderspacedeneme.coderspace-denemeTests";
				PRODUCT_NAME = "$(TARGET_NAME)";
				SWIFT_EMIT_LOC_STRINGS = NO;
				SWIFT_VERSION = 5.0;
				TARGETED_DEVICE_FAMILY = "1,2";
				TEST_HOST = "$(BUILT_PRODUCTS_DIR)/coderspace-deneme.app/$(BUNDLE_EXECUTABLE_FOLDER_PATH)/coderspace-deneme";
			};
			name = Release;
		};
		92FCC8802BE4D40D0034DDE7 /* Debug */ = {
			isa = XCBuildConfiguration;
			buildSettings = {
				ALWAYS_EMBED_SWIFT_STANDARD_LIBRARIES = YES;
				CODE_SIGN_STYLE = Automatic;
				CURRENT_PROJECT_VERSION = 1;
				DEVELOPMENT_TEAM = EQ72YEULC9;
				GENERATE_INFOPLIST_FILE = YES;
				MARKETING_VERSION = 1.0;
				PRODUCT_BUNDLE_IDENTIFIER = "com.test.coderspacedeneme.coderspace-denemeUITests";
				PRODUCT_NAME = "$(TARGET_NAME)";
				SWIFT_EMIT_LOC_STRINGS = NO;
				SWIFT_VERSION = 5.0;
				TARGETED_DEVICE_FAMILY = "1,2";
				TEST_TARGET_NAME = "coderspace-deneme";
			};
			name = Debug;
		};
		92FCC8812BE4D40D0034DDE7 /* Release */ = {
			isa = XCBuildConfiguration;
			buildSettings = {
				ALWAYS_EMBED_SWIFT_STANDARD_LIBRARIES = YES;
				CODE_SIGN_STYLE = Automatic;
				CURRENT_PROJECT_VERSION = 1;
				DEVELOPMENT_TEAM = EQ72YEULC9;
				GENERATE_INFOPLIST_FILE = YES;
				MARKETING_VERSION = 1.0;
				PRODUCT_BUNDLE_IDENTIFIER = "com.test.coderspacedeneme.coderspace-denemeUITests";
				PRODUCT_NAME = "$(TARGET_NAME)";
				SWIFT_EMIT_LOC_STRINGS = NO;
				SWIFT_VERSION = 5.0;
				TARGETED_DEVICE_FAMILY = "1,2";
				TEST_TARGET_NAME = "coderspace-deneme";
			};
			name = Release;
		};
/* End XCBuildConfiguration section */

/* Begin XCConfigurationList section */
		92FCC84A2BE4D40A0034DDE7 /* Build configuration list for PBXProject "coderspace-deneme" */ = {
			isa = XCConfigurationList;
			buildConfigurations = (
				92FCC8772BE4D40D0034DDE7 /* Debug */,
				92FCC8782BE4D40D0034DDE7 /* Release */,
			);
			defaultConfigurationIsVisible = 0;
			defaultConfigurationName = Release;
		};
		92FCC8792BE4D40D0034DDE7 /* Build configuration list for PBXNativeTarget "coderspace-deneme" */ = {
			isa = XCConfigurationList;
			buildConfigurations = (
				92FCC87A2BE4D40D0034DDE7 /* Debug */,
				92FCC87B2BE4D40D0034DDE7 /* Release */,
			);
			defaultConfigurationIsVisible = 0;
			defaultConfigurationName = Release;
		};
		92FCC87C2BE4D40D0034DDE7 /* Build configuration list for PBXNativeTarget "coderspace-denemeTests" */ = {
			isa = XCConfigurationList;
			buildConfigurations = (
				92FCC87D2BE4D40D0034DDE7 /* Debug */,
				92FCC87E2BE4D40D0034DDE7 /* Release */,
			);
			defaultConfigurationIsVisible = 0;
			defaultConfigurationName = Release;
		};
		92FCC87F2BE4D40D0034DDE7 /* Build configuration list for PBXNativeTarget "coderspace-denemeUITests" */ = {
			isa = XCConfigurationList;
			buildConfigurations = (
				92FCC8802BE4D40D0034DDE7 /* Debug */,
				92FCC8812BE4D40D0034DDE7 /* Release */,
			);
			defaultConfigurationIsVisible = 0;
			defaultConfigurationName = Release;
		};
/* End XCConfigurationList section */
	};
	rootObject = 92FCC8472BE4D40A0034DDE7 /* Project object */;
}
